
Microsoft Visual Studio Solution File, Format Version 12.00
# Visual Studio Version 16
VisualStudioVersion = 16.0.31402.337
MinimumVisualStudioVersion = 10.0.40219.1
Project("{FAE04EC0-301F-11D3-BF4B-00C04F79EFBC}") = "Primeiro", "Primeiro\Primeiro.csproj", "{5B5DD68B-C3F9-4804-B072-3C3FC3AEFE73}"
EndProject
Global
	GlobalSection(SolutionConfigurationPlatforms) = preSolution
		Debug|Any CPU = Debug|Any CPU
		Release|Any CPU = Release|Any CPU
	EndGlobalSection
	GlobalSection(ProjectConfigurationPlatforms) = postSolution
		{5B5DD68B-C3F9-4804-B072-3C3FC3AEFE73}.Debug|Any CPU.ActiveCfg = Debug|Any CPU
		{5B5DD68B-C3F9-4804-B072-3C3FC3AEFE73}.Debug|Any CPU.Build.0 = Debug|Any CPU
		{5B5DD68B-C3F9-4804-B072-3C3FC3AEFE73}.Release|Any CPU.ActiveCfg = Release|Any CPU
		{5B5DD68B-C3F9-4804-B072-3C3FC3AEFE73}.Release|Any CPU.Build.0 = Release|Any CPU
	EndGlobalSection
	GlobalSection(SolutionProperties) = preSolution
		HideSolutionNode = FALSE
	EndGlobalSection
	GlobalSection(ExtensibilityGlobals) = postSolution
		SolutionGuid = {BA020A18-8B61-4F26-83F2-14A9A81BDD32}
	EndGlobalSection
EndGlobal
